
Microsoft Visual Studio Solution File, Format Version 12.00
# Visual Studio Version 16
VisualStudioVersion = 16.0.31729.503
MinimumVisualStudioVersion = 10.0.40219.1
Project("{8BC9CEB8-8B4A-11D0-8D11-00A0C91BC942}") = "FEM_3_PVL", "FEM_3_PVL.vcxproj", "{4E31DBCE-D802-4439-BECD-6C099CD76E6B}"
EndProject
Global
	GlobalSection(SolutionConfigurationPlatforms) = preSolution
		Debug|x64 = Debug|x64
		Debug|x86 = Debug|x86
		Release|x64 = Release|x64
		Release|x86 = Release|x86
	EndGlobalSection
	GlobalSection(ProjectConfigurationPlatforms) = postSolution
		{4E31DBCE-D802-4439-BECD-6C099CD76E6B}.Debug|x64.ActiveCfg = Debug|x64
		{4E31DBCE-D802-4439-BECD-6C099CD76E6B}.Debug|x64.Build.0 = Debug|x64
		{4E31DBCE-D802-4439-BECD-6C099CD76E6B}.Debug|x86.ActiveCfg = Debug|Win32
		{4E31DBCE-D802-4439-BECD-6C099CD76E6B}.Debug|x86.Build.0 = Debug|Win32
		{4E31DBCE-D802-4439-BECD-6C099CD76E6B}.Release|x64.ActiveCfg = Release|x64
		{4E31DBCE-D802-4439-BECD-6C099CD76E6B}.Release|x64.Build.0 = Release|x64
		{4E31DBCE-D802-4439-BECD-6C099CD76E6B}.Release|x86.ActiveCfg = Release|Win32
		{4E31DBCE-D802-4439-BECD-6C099CD76E6B}.Release|x86.Build.0 = Release|Win32
	EndGlobalSection
	GlobalSection(SolutionProperties) = preSolution
		HideSolutionNode = FALSE
	EndGlobalSection
	GlobalSection(ExtensibilityGlobals) = postSolution
		SolutionGuid = {278173C9-AF10-4BD3-8DA8-1305B68941EA}
	EndGlobalSection
EndGlobal
